// !$*UTF8*$!
{
	archiveVersion = 1;
	classes = {
	};
	objectVersion = 51;
	objects = {

/* Begin PBXBuildFile section */
		1B55EA93245F1A750028F3C9 /* AppDelegate.swift in Sources */ = {isa = PBXBuildFile; fileRef = 1B55EA92245F1A750028F3C9 /* AppDelegate.swift */; };
		1B55EA95245F1A750028F3C9 /* SceneDelegate.swift in Sources */ = {isa = PBXBuildFile; fileRef = 1B55EA94245F1A750028F3C9 /* SceneDelegate.swift */; };
		1B55EA97245F1A750028F3C9 /* ChatsViewController.swift in Sources */ = {isa = PBXBuildFile; fileRef = 1B55EA96245F1A750028F3C9 /* ChatsViewController.swift */; };
		1B55EA9A245F1A750028F3C9 /* Main.storyboard in Resources */ = {isa = PBXBuildFile; fileRef = 1B55EA98245F1A750028F3C9 /* Main.storyboard */; };
		1B55EA9C245F1A770028F3C9 /* Assets.xcassets in Resources */ = {isa = PBXBuildFile; fileRef = 1B55EA9B245F1A770028F3C9 /* Assets.xcassets */; };
		1B55EA9F245F1A770028F3C9 /* LaunchScreen.storyboard in Resources */ = {isa = PBXBuildFile; fileRef = 1B55EA9D245F1A770028F3C9 /* LaunchScreen.storyboard */; };
		1B55EABE245F467D0028F3C9 /* GoogleService-Info.plist in Resources */ = {isa = PBXBuildFile; fileRef = 1B55EABD245F467D0028F3C9 /* GoogleService-Info.plist */; };
		1B855B8424E63F0700257893 /* UserViewModel.swift in Sources */ = {isa = PBXBuildFile; fileRef = 1B855B8324E63F0700257893 /* UserViewModel.swift */; };
		1B855B9324E6450B00257893 /* UIViewControllerExtensions.swift in Sources */ = {isa = PBXBuildFile; fileRef = 1B855B9224E6450B00257893 /* UIViewControllerExtensions.swift */; };
		1B855B9624E6476800257893 /* FirebaseError.swift in Sources */ = {isa = PBXBuildFile; fileRef = 1B855B9524E6476800257893 /* FirebaseError.swift */; };
		1B855B9824E6675C00257893 /* ChatsViewModel.swift in Sources */ = {isa = PBXBuildFile; fileRef = 1B855B9724E6675C00257893 /* ChatsViewModel.swift */; };
		1B855B9A24E66A0F00257893 /* Chat.swift in Sources */ = {isa = PBXBuildFile; fileRef = 1B855B9924E66A0F00257893 /* Chat.swift */; };
		3020D61F6DF110AAF4EA27A3 /* Pods_SimpleApp.framework in Frameworks */ = {isa = PBXBuildFile; fileRef = ADFCFBCA575595AFE0961681 /* Pods_SimpleApp.framework */; };
/* End PBXBuildFile section */

/* Begin PBXFileReference section */
		1B55EA8F245F1A750028F3C9 /* SimpleApp.app */ = {isa = PBXFileReference; explicitFileType = wrapper.application; includeInIndex = 0; path = SimpleApp.app; sourceTree = BUILT_PRODUCTS_DIR; };
		1B55EA92245F1A750028F3C9 /* AppDelegate.swift */ = {isa = PBXFileReference; lastKnownFileType = sourcecode.swift; path = AppDelegate.swift; sourceTree = "<group>"; };
		1B55EA94245F1A750028F3C9 /* SceneDelegate.swift */ = {isa = PBXFileReference; lastKnownFileType = sourcecode.swift; path = SceneDelegate.swift; sourceTree = "<group>"; };
		1B55EA96245F1A750028F3C9 /* ChatsViewController.swift */ = {isa = PBXFileReference; lastKnownFileType = sourcecode.swift; path = ChatsViewController.swift; sourceTree = "<group>"; };
		1B55EA99245F1A750028F3C9 /* Base */ = {isa = PBXFileReference; lastKnownFileType = file.storyboard; name = Base; path = Base.lproj/Main.storyboard; sourceTree = "<group>"; };
		1B55EA9B245F1A770028F3C9 /* Assets.xcassets */ = {isa = PBXFileReference; lastKnownFileType = folder.assetcatalog; path = Assets.xcassets; sourceTree = "<group>"; };
		1B55EA9E245F1A770028F3C9 /* Base */ = {isa = PBXFileReference; lastKnownFileType = file.storyboard; name = Base; path = Base.lproj/LaunchScreen.storyboard; sourceTree = "<group>"; };
		1B55EAA0245F1A770028F3C9 /* Info.plist */ = {isa = PBXFileReference; lastKnownFileType = text.plist.xml; path = Info.plist; sourceTree = "<group>"; };
		1B55EABD245F467D0028F3C9 /* GoogleService-Info.plist */ = {isa = PBXFileReference; fileEncoding = 4; lastKnownFileType = text.plist.xml; path = "GoogleService-Info.plist"; sourceTree = "<group>"; };
		1B855B8324E63F0700257893 /* UserViewModel.swift */ = {isa = PBXFileReference; lastKnownFileType = sourcecode.swift; path = UserViewModel.swift; sourceTree = "<group>"; };
		1B855B9224E6450B00257893 /* UIViewControllerExtensions.swift */ = {isa = PBXFileReference; lastKnownFileType = sourcecode.swift; path = UIViewControllerExtensions.swift; sourceTree = "<group>"; };
		1B855B9524E6476800257893 /* FirebaseError.swift */ = {isa = PBXFileReference; lastKnownFileType = sourcecode.swift; path = FirebaseError.swift; sourceTree = "<group>"; };
		1B855B9724E6675C00257893 /* ChatsViewModel.swift */ = {isa = PBXFileReference; lastKnownFileType = sourcecode.swift; path = ChatsViewModel.swift; sourceTree = "<group>"; };
		1B855B9924E66A0F00257893 /* Chat.swift */ = {isa = PBXFileReference; lastKnownFileType = sourcecode.swift; path = Chat.swift; sourceTree = "<group>"; };
		84427F16DCC1D617BE814F55 /* Pods-SimpleApp.debug.xcconfig */ = {isa = PBXFileReference; includeInIndex = 1; lastKnownFileType = text.xcconfig; name = "Pods-SimpleApp.debug.xcconfig"; path = "Target Support Files/Pods-SimpleApp/Pods-SimpleApp.debug.xcconfig"; sourceTree = "<group>"; };
		A12FD73ACB5442635D633948 /* Pods-SimpleApp.release.xcconfig */ = {isa = PBXFileReference; includeInIndex = 1; lastKnownFileType = text.xcconfig; name = "Pods-SimpleApp.release.xcconfig"; path = "Target Support Files/Pods-SimpleApp/Pods-SimpleApp.release.xcconfig"; sourceTree = "<group>"; };
		ADFCFBCA575595AFE0961681 /* Pods_SimpleApp.framework */ = {isa = PBXFileReference; explicitFileType = wrapper.framework; includeInIndex = 0; path = Pods_SimpleApp.framework; sourceTree = BUILT_PRODUCTS_DIR; };
/* End PBXFileReference section */

/* Begin PBXFrameworksBuildPhase section */
		1B55EA8C245F1A750028F3C9 /* Frameworks */ = {
			isa = PBXFrameworksBuildPhase;
			buildActionMask = 2147483647;
			files = (
				3020D61F6DF110AAF4EA27A3 /* Pods_SimpleApp.framework in Frameworks */,
			);
			runOnlyForDeploymentPostprocessing = 0;
		};
/* End PBXFrameworksBuildPhase section */

/* Begin PBXGroup section */
		1B55EA86245F1A750028F3C9 = {
			isa = PBXGroup;
			children = (
				1B55EA91245F1A750028F3C9 /* SimpleApp */,
				1B55EA90245F1A750028F3C9 /* Products */,
				C6804A7B30EC6131C4D6E710 /* Pods */,
				9000FE385AA2DB213118298B /* Frameworks */,
			);
			sourceTree = "<group>";
		};
		1B55EA90245F1A750028F3C9 /* Products */ = {
			isa = PBXGroup;
			children = (
				1B55EA8F245F1A750028F3C9 /* SimpleApp.app */,
			);
			name = Products;
			sourceTree = "<group>";
		};
		1B55EA91245F1A750028F3C9 /* SimpleApp */ = {
			isa = PBXGroup;
			children = (
				1B55EAB3245F27CB0028F3C9 /* Classes */,
				1B55EAB4245F28120028F3C9 /* Views */,
				1B55EAB5245F28180028F3C9 /* Resources */,
				1B55EAB6245F28200028F3C9 /* Supporting Files */,
			);
			path = SimpleApp;
			sourceTree = "<group>";
		};
		1B55EAB3245F27CB0028F3C9 /* Classes */ = {
			isa = PBXGroup;
			children = (
				1B55EAB9245F317A0028F3C9 /* App */,
				1B55EABA245F31880028F3C9 /* ViewControllers */,
				1B855B8324E63F0700257893 /* UserViewModel.swift */,
				1B855B9724E6675C00257893 /* ChatsViewModel.swift */,
				1B855B9924E66A0F00257893 /* Chat.swift */,
			);
			path = Classes;
			sourceTree = "<group>";
		};
		1B55EAB4245F28120028F3C9 /* Views */ = {
			isa = PBXGroup;
			children = (
				1B55EA98245F1A750028F3C9 /* Main.storyboard */,
			);
			path = Views;
			sourceTree = "<group>";
		};
		1B55EAB5245F28180028F3C9 /* Resources */ = {
			isa = PBXGroup;
			children = (
				1B55EA9B245F1A770028F3C9 /* Assets.xcassets */,
				1B855B9424E6474F00257893 /* Extensions */,
				1B855B9524E6476800257893 /* FirebaseError.swift */,
			);
			path = Resources;
			sourceTree = "<group>";
		};
		1B55EAB6245F28200028F3C9 /* Supporting Files */ = {
			isa = PBXGroup;
			children = (
				1B55EABD245F467D0028F3C9 /* GoogleService-Info.plist */,
				1B55EA9D245F1A770028F3C9 /* LaunchScreen.storyboard */,
				1B55EAA0245F1A770028F3C9 /* Info.plist */,
			);
			path = "Supporting Files";
			sourceTree = "<group>";
		};
		1B55EAB9245F317A0028F3C9 /* App */ = {
			isa = PBXGroup;
			children = (
				1B55EA92245F1A750028F3C9 /* AppDelegate.swift */,
				1B55EA94245F1A750028F3C9 /* SceneDelegate.swift */,
			);
			path = App;
			sourceTree = "<group>";
		};
		1B55EABA245F31880028F3C9 /* ViewControllers */ = {
			isa = PBXGroup;
			children = (
				1B55EA96245F1A750028F3C9 /* ChatsViewController.swift */,
			);
			path = ViewControllers;
			sourceTree = "<group>";
		};
		1B855B9424E6474F00257893 /* Extensions */ = {
			isa = PBXGroup;
			children = (
				1B855B9224E6450B00257893 /* UIViewControllerExtensions.swift */,
			);
			path = Extensions;
			sourceTree = "<group>";
		};
		9000FE385AA2DB213118298B /* Frameworks */ = {
			isa = PBXGroup;
			children = (
				ADFCFBCA575595AFE0961681 /* Pods_SimpleApp.framework */,
			);
			name = Frameworks;
			sourceTree = "<group>";
		};
		C6804A7B30EC6131C4D6E710 /* Pods */ = {
			isa = PBXGroup;
			children = (
				84427F16DCC1D617BE814F55 /* Pods-SimpleApp.debug.xcconfig */,
				A12FD73ACB5442635D633948 /* Pods-SimpleApp.release.xcconfig */,
			);
			path = Pods;
			sourceTree = "<group>";
		};
/* End PBXGroup section */

/* Begin PBXNativeTarget section */
		1B55EA8E245F1A750028F3C9 /* SimpleApp */ = {
			isa = PBXNativeTarget;
			buildConfigurationList = 1B55EAA3245F1A770028F3C9 /* Build configuration list for PBXNativeTarget "SimpleApp" */;
			buildPhases = (
				8893A373A3ED9F87AE14C82B /* [CP] Check Pods Manifest.lock */,
				1B55EA8B245F1A750028F3C9 /* Sources */,
				1B55EA8C245F1A750028F3C9 /* Frameworks */,
				1B55EA8D245F1A750028F3C9 /* Resources */,
				A7D316C7D4DDC25BF7FC4D9F /* [CP] Embed Pods Frameworks */,
			);
			buildRules = (
			);
			dependencies = (
			);
			name = SimpleApp;
			productName = SimpleApp;
			productReference = 1B55EA8F245F1A750028F3C9 /* SimpleApp.app */;
			productType = "com.apple.product-type.application";
		};
/* End PBXNativeTarget section */

/* Begin PBXProject section */
		1B55EA87245F1A750028F3C9 /* Project object */ = {
			isa = PBXProject;
			attributes = {
				LastSwiftUpdateCheck = 1130;
				LastUpgradeCheck = 1130;
				ORGANIZATIONNAME = "Lucas Marques Bighi";
				TargetAttributes = {
					1B55EA8E245F1A750028F3C9 = {
						CreatedOnToolsVersion = 11.3.1;
					};
				};
			};
			buildConfigurationList = 1B55EA8A245F1A750028F3C9 /* Build configuration list for PBXProject "SimpleApp" */;
			compatibilityVersion = "Xcode 9.3";
			developmentRegion = en;
			hasScannedForEncodings = 0;
			knownRegions = (
				en,
				Base,
			);
			mainGroup = 1B55EA86245F1A750028F3C9;
			productRefGroup = 1B55EA90245F1A750028F3C9 /* Products */;
			projectDirPath = "";
			projectRoot = "";
			targets = (
				1B55EA8E245F1A750028F3C9 /* SimpleApp */,
			);
		};
/* End PBXProject section */

/* Begin PBXResourcesBuildPhase section */
		1B55EA8D245F1A750028F3C9 /* Resources */ = {
			isa = PBXResourcesBuildPhase;
			buildActionMask = 2147483647;
			files = (
				1B55EA9F245F1A770028F3C9 /* LaunchScreen.storyboard in Resources */,
				1B55EABE245F467D0028F3C9 /* GoogleService-Info.plist in Resources */,
				1B55EA9C245F1A770028F3C9 /* Assets.xcassets in Resources */,
				1B55EA9A245F1A750028F3C9 /* Main.storyboard in Resources */,
			);
			runOnlyForDeploymentPostprocessing = 0;
		};
/* End PBXResourcesBuildPhase section */

/* Begin PBXShellScriptBuildPhase section */
		8893A373A3ED9F87AE14C82B /* [CP] Check Pods Manifest.lock */ = {
			isa = PBXShellScriptBuildPhase;
			buildActionMask = 2147483647;
			files = (
			);
			inputFileListPaths = (
			);
			inputPaths = (
				"${PODS_PODFILE_DIR_PATH}/Podfile.lock",
				"${PODS_ROOT}/Manifest.lock",
			);
			name = "[CP] Check Pods Manifest.lock";
			outputFileListPaths = (
			);
			outputPaths = (
				"$(DERIVED_FILE_DIR)/Pods-SimpleApp-checkManifestLockResult.txt",
			);
			runOnlyForDeploymentPostprocessing = 0;
			shellPath = /bin/sh;
			shellScript = "diff \"${PODS_PODFILE_DIR_PATH}/Podfile.lock\" \"${PODS_ROOT}/Manifest.lock\" > /dev/null\nif [ $? != 0 ] ; then\n    # print error to STDERR\n    echo \"error: The sandbox is not in sync with the Podfile.lock. Run 'pod install' or update your CocoaPods installation.\" >&2\n    exit 1\nfi\n# This output is used by Xcode 'outputs' to avoid re-running this script phase.\necho \"SUCCESS\" > \"${SCRIPT_OUTPUT_FILE_0}\"\n";
			showEnvVarsInLog = 0;
		};
		A7D316C7D4DDC25BF7FC4D9F /* [CP] Embed Pods Frameworks */ = {
			isa = PBXShellScriptBuildPhase;
			buildActionMask = 2147483647;
			files = (
			);
			inputFileListPaths = (
				"${PODS_ROOT}/Target Support Files/Pods-SimpleApp/Pods-SimpleApp-frameworks-${CONFIGURATION}-input-files.xcfilelist",
			);
			name = "[CP] Embed Pods Frameworks";
			outputFileListPaths = (
				"${PODS_ROOT}/Target Support Files/Pods-SimpleApp/Pods-SimpleApp-frameworks-${CONFIGURATION}-output-files.xcfilelist",
			);
			runOnlyForDeploymentPostprocessing = 0;
			shellPath = /bin/sh;
			shellScript = "\"${PODS_ROOT}/Target Support Files/Pods-SimpleApp/Pods-SimpleApp-frameworks.sh\"\n";
			showEnvVarsInLog = 0;
		};
/* End PBXShellScriptBuildPhase section */

/* Begin PBXSourcesBuildPhase section */
		1B55EA8B245F1A750028F3C9 /* Sources */ = {
			isa = PBXSourcesBuildPhase;
			buildActionMask = 2147483647;
			files = (
				1B55EA97245F1A750028F3C9 /* ChatsViewController.swift in Sources */,
				1B55EA93245F1A750028F3C9 /* AppDelegate.swift in Sources */,
				1B855B9324E6450B00257893 /* UIViewControllerExtensions.swift in Sources */,
				1B855B9624E6476800257893 /* FirebaseError.swift in Sources */,
				1B855B8424E63F0700257893 /* UserViewModel.swift in Sources */,
				1B855B9A24E66A0F00257893 /* Chat.swift in Sources */,
				1B55EA95245F1A750028F3C9 /* SceneDelegate.swift in Sources */,
				1B855B9824E6675C00257893 /* ChatsViewModel.swift in Sources */,
			);
			runOnlyForDeploymentPostprocessing = 0;
		};
/* End PBXSourcesBuildPhase section */

/* Begin PBXVariantGroup section */
		1B55EA98245F1A750028F3C9 /* Main.storyboard */ = {
			isa = PBXVariantGroup;
			children = (
				1B55EA99245F1A750028F3C9 /* Base */,
			);
			name = Main.storyboard;
			sourceTree = "<group>";
		};
		1B55EA9D245F1A770028F3C9 /* LaunchScreen.storyboard */ = {
			isa = PBXVariantGroup;
			children = (
				1B55EA9E245F1A770028F3C9 /* Base */,
			);
			name = LaunchScreen.storyboard;
			sourceTree = "<group>";
		};
/* End PBXVariantGroup section */

/* Begin XCBuildConfiguration section */
		1B55EAA1245F1A770028F3C9 /* Debug */ = {
			isa = XCBuildConfiguration;
			buildSettings = {
				ALWAYS_SEARCH_USER_PATHS = NO;
				CLANG_ANALYZER_NONNULL = YES;
				CLANG_ANALYZER_NUMBER_OBJECT_CONVERSION = YES_AGGRESSIVE;
				CLANG_CXX_LANGUAGE_STANDARD = "gnu++14";
				CLANG_CXX_LIBRARY = "libc++";
				CLANG_ENABLE_MODULES = YES;
				CLANG_ENABLE_OBJC_ARC = YES;
				CLANG_ENABLE_OBJC_WEAK = YES;
				CLANG_WARN_BLOCK_CAPTURE_AUTORELEASING = YES;
				CLANG_WARN_BOOL_CONVERSION = YES;
				CLANG_WARN_COMMA = YES;
				CLANG_WARN_CONSTANT_CONVERSION = YES;
				CLANG_WARN_DEPRECATED_OBJC_IMPLEMENTATIONS = YES;
				CLANG_WARN_DIRECT_OBJC_ISA_USAGE = YES_ERROR;
				CLANG_WARN_DOCUMENTATION_COMMENTS = YES;
				CLANG_WARN_EMPTY_BODY = YES;
				CLANG_WARN_ENUM_CONVERSION = YES;
				CLANG_WARN_INFINITE_RECURSION = YES;
				CLANG_WARN_INT_CONVERSION = YES;
				CLANG_WARN_NON_LITERAL_NULL_CONVERSION = YES;
				CLANG_WARN_OBJC_IMPLICIT_RETAIN_SELF = YES;
				CLANG_WARN_OBJC_LITERAL_CONVERSION = YES;
				CLANG_WARN_OBJC_ROOT_CLASS = YES_ERROR;
				CLANG_WARN_RANGE_LOOP_ANALYSIS = YES;
				CLANG_WARN_STRICT_PROTOTYPES = YES;
				CLANG_WARN_SUSPICIOUS_MOVE = YES;
				CLANG_WARN_UNGUARDED_AVAILABILITY = YES_AGGRESSIVE;
				CLANG_WARN_UNREACHABLE_CODE = YES;
				CLANG_WARN__DUPLICATE_METHOD_MATCH = YES;
				COPY_PHASE_STRIP = NO;
				DEBUG_INFORMATION_FORMAT = dwarf;
				ENABLE_STRICT_OBJC_MSGSEND = YES;
				ENABLE_TESTABILITY = YES;
				GCC_C_LANGUAGE_STANDARD = gnu11;
				GCC_DYNAMIC_NO_PIC = NO;
				GCC_NO_COMMON_BLOCKS = YES;
				GCC_OPTIMIZATION_LEVEL = 0;
				GCC_PREPROCESSOR_DEFINITIONS = (
					"DEBUG=1",
					"$(inherited)",
				);
				GCC_WARN_64_TO_32_BIT_CONVERSION = YES;
				GCC_WARN_ABOUT_RETURN_TYPE = YES_ERROR;
				GCC_WARN_UNDECLARED_SELECTOR = YES;
				GCC_WARN_UNINITIALIZED_AUTOS = YES_AGGRESSIVE;
				GCC_WARN_UNUSED_FUNCTION = YES;
				GCC_WARN_UNUSED_VARIABLE = YES;
				IPHONEOS_DEPLOYMENT_TARGET = 13.2;
				MTL_ENABLE_DEBUG_INFO = INCLUDE_SOURCE;
				MTL_FAST_MATH = YES;
				ONLY_ACTIVE_ARCH = YES;
				SDKROOT = iphoneos;
				SWIFT_ACTIVE_COMPILATION_CONDITIONS = DEBUG;
				SWIFT_OPTIMIZATION_LEVEL = "-Onone";
			};
			name = Debug;
		};
		1B55EAA2245F1A770028F3C9 /* Release */ = {
			isa = XCBuildConfiguration;
			buildSettings = {
				ALWAYS_SEARCH_USER_PATHS = NO;
				CLANG_ANALYZER_NONNULL = YES;
				CLANG_ANALYZER_NUMBER_OBJECT_CONVERSION = YES_AGGRESSIVE;
				CLANG_CXX_LANGUAGE_STANDARD = "gnu++14";
				CLANG_CXX_LIBRARY = "libc++";
				CLANG_ENABLE_MODULES = YES;
				CLANG_ENABLE_OBJC_ARC = YES;
				CLANG_ENABLE_OBJC_WEAK = YES;
				CLANG_WARN_BLOCK_CAPTURE_AUTORELEASING = YES;
				CLANG_WARN_BOOL_CONVERSION = YES;
				CLANG_WARN_COMMA = YES;
				CLANG_WARN_CONSTANT_CONVERSION = YES;
				CLANG_WARN_DEPRECATED_OBJC_IMPLEMENTATIONS = YES;
				CLANG_WARN_DIRECT_OBJC_ISA_USAGE = YES_ERROR;
				CLANG_WARN_DOCUMENTATION_COMMENTS = YES;
				CLANG_WARN_EMPTY_BODY = YES;
				CLANG_WARN_ENUM_CONVERSION = YES;
				CLANG_WARN_INFINITE_RECURSION = YES;
				CLANG_WARN_INT_CONVERSION = YES;
				CLANG_WARN_NON_LITERAL_NULL_CONVERSION = YES;
				CLANG_WARN_OBJC_IMPLICIT_RETAIN_SELF = YES;
				CLANG_WARN_OBJC_LITERAL_CONVERSION = YES;
				CLANG_WARN_OBJC_ROOT_CLASS = YES_ERROR;
				CLANG_WARN_RANGE_LOOP_ANALYSIS = YES;
				CLANG_WARN_STRICT_PROTOTYPES = YES;
				CLANG_WARN_SUSPICIOUS_MOVE = YES;
				CLANG_WARN_UNGUARDED_AVAILABILITY = YES_AGGRESSIVE;
				CLANG_WARN_UNREACHABLE_CODE = YES;
				CLANG_WARN__DUPLICATE_METHOD_MATCH = YES;
				COPY_PHASE_STRIP = NO;
				DEBUG_INFORMATION_FORMAT = "dwarf-with-dsym";
				ENABLE_NS_ASSERTIONS = NO;
				ENABLE_STRICT_OBJC_MSGSEND = YES;
				GCC_C_LANGUAGE_STANDARD = gnu11;
				GCC_NO_COMMON_BLOCKS = YES;
				GCC_WARN_64_TO_32_BIT_CONVERSION = YES;
				GCC_WARN_ABOUT_RETURN_TYPE = YES_ERROR;
				GCC_WARN_UNDECLARED_SELECTOR = YES;
				GCC_WARN_UNINITIALIZED_AUTOS = YES_AGGRESSIVE;
				GCC_WARN_UNUSED_FUNCTION = YES;
				GCC_WARN_UNUSED_VARIABLE = YES;
				IPHONEOS_DEPLOYMENT_TARGET = 13.2;
				MTL_ENABLE_DEBUG_INFO = NO;
				MTL_FAST_MATH = YES;
				SDKROOT = iphoneos;
				SWIFT_COMPILATION_MODE = wholemodule;
				SWIFT_OPTIMIZATION_LEVEL = "-O";
				VALIDATE_PRODUCT = YES;
			};
			name = Release;
		};
		1B55EAA4245F1A770028F3C9 /* Debug */ = {
			isa = XCBuildConfiguration;
			baseConfigurationReference = 84427F16DCC1D617BE814F55 /* Pods-SimpleApp.debug.xcconfig */;
			buildSettings = {
				ASSETCATALOG_COMPILER_APPICON_NAME = AppIcon;
				CODE_SIGN_STYLE = Automatic;
				DEVELOPMENT_TEAM = P6T4KLG549;
				INFOPLIST_FILE = "SimpleApp/Supporting Files/Info.plist";
				LD_RUNPATH_SEARCH_PATHS = (
					"$(inherited)",
					"@executable_path/Frameworks",
				);
				PRODUCT_BUNDLE_IDENTIFIER = com.SimpleChat;
				PRODUCT_NAME = "$(TARGET_NAME)";
				SWIFT_VERSION = 5.0;
				TARGETED_DEVICE_FAMILY = "1,2";
			};
			name = Debug;
		};
		1B55EAA5245F1A770028F3C9 /* Release */ = {
			isa = XCBuildConfiguration;
			baseConfigurationReference = A12FD73ACB5442635D633948 /* Pods-SimpleApp.release.xcconfig */;
			buildSettings = {
				ASSETCATALOG_COMPILER_APPICON_NAME = AppIcon;
				CODE_SIGN_STYLE = Automatic;
				DEVELOPMENT_TEAM = P6T4KLG549;
				INFOPLIST_FILE = "SimpleApp/Supporting Files/Info.plist";
				LD_RUNPATH_SEARCH_PATHS = (
					"$(inherited)",
					"@executable_path/Frameworks",
				);
				PRODUCT_BUNDLE_IDENTIFIER = com.SimpleChat;
				PRODUCT_NAME = "$(TARGET_NAME)";
				SWIFT_VERSION = 5.0;
				TARGETED_DEVICE_FAMILY = "1,2";
			};
			name = Release;
		};
/* End XCBuildConfiguration section */

/* Begin XCConfigurationList section */
		1B55EA8A245F1A750028F3C9 /* Build configuration list for PBXProject "SimpleApp" */ = {
			isa = XCConfigurationList;
			buildConfigurations = (
				1B55EAA1245F1A770028F3C9 /* Debug */,
				1B55EAA2245F1A770028F3C9 /* Release */,
			);
			defaultConfigurationIsVisible = 0;
			defaultConfigurationName = Release;
		};
		1B55EAA3245F1A770028F3C9 /* Build configuration list for PBXNativeTarget "SimpleApp" */ = {
			isa = XCConfigurationList;
			buildConfigurations = (
				1B55EAA4245F1A770028F3C9 /* Debug */,
				1B55EAA5245F1A770028F3C9 /* Release */,
			);
			defaultConfigurationIsVisible = 0;
			defaultConfigurationName = Release;
		};
/* End XCConfigurationList section */
	};
	rootObject = 1B55EA87245F1A750028F3C9 /* Project object */;
}
